// !$*UTF8*$!
{
	archiveVersion = 1;
	classes = {
	};
	objectVersion = 39;
	objects = {
		6A23CB4107DEE9FF005EE6B1 = {
			fileEncoding = 4;
			isa = PBXFileReference;
			lastKnownFileType = sourcecode.cpp.objcpp;
			path = TSComposingBuffer.mm;
			refType = 2;
			sourceTree = SOURCE_ROOT;
		};
		6A23CB4207DEE9FF005EE6B1 = {
			fileEncoding = 4;
			isa = PBXFileReference;
			lastKnownFileType = sourcecode.c.h;
			path = TSComposingBuffer.h;
			refType = 2;
			sourceTree = SOURCE_ROOT;
		};
		6A23CB4407DEE9FF005EE6B1 = {
			fileRef = 6A23CB4207DEE9FF005EE6B1;
			isa = PBXBuildFile;
			settings = {
			};
		};
		6A23CB7107DEEBD6005EE6B1 = {
			fileRef = 6A23CB4107DEE9FF005EE6B1;
			isa = PBXBuildFile;
			settings = {
			};
		};
		6A23CBCB07DEEFBA005EE6B1 = {
			isa = PBXFileReference;
			lastKnownFileType = wrapper.framework;
			name = Carbon.framework;
			path = /System/Library/Frameworks/Carbon.framework;
			refType = 0;
			sourceTree = "<absolute>";
		};
		6A23CBCC07DEEFBA005EE6B1 = {
			fileRef = 6A23CBCB07DEEFBA005EE6B1;
			isa = PBXBuildFile;
			settings = {
			};
		};
		6A401C9207DE55250001C8C1 = {
			children = (
				6A86CCD007E76A290070ABF2,
				6A89D5C707DE660600CDA735,
				6A401CA407DE55550001C8C1,
				6A401C9F07DE55310001C8C1,
				6A401CA007DE55310001C8C1,
				6A8E77E807DE59AA00172258,
			);
			isa = PBXGroup;
			refType = 4;
			sourceTree = "<group>";
		};
		6A401C9407DE55250001C8C1 = {
			buildSettings = {
				COPY_PHASE_STRIP = NO;
			};
			isa = PBXBuildStyle;
			name = Development;
		};
		6A401C9507DE55250001C8C1 = {
			buildSettings = {
				COPY_PHASE_STRIP = YES;
			};
			isa = PBXBuildStyle;
			name = Deployment;
		};
		6A401C9607DE55250001C8C1 = {
			buildSettings = {
			};
			buildStyles = (
				6A401C9407DE55250001C8C1,
				6A401C9507DE55250001C8C1,
			);
			hasScannedForEncodings = 0;
			isa = PBXProject;
			knownRegions = (
				English,
				Japanese,
				French,
				German,
				zh_TW,
			);
			mainGroup = 6A401C9207DE55250001C8C1;
			productRefGroup = 6A401C9F07DE55310001C8C1;
			projectDirPath = "";
			targets = (
				6A401C9D07DE55310001C8C1,
				6A8E77E607DE59AA00172258,
				6A86CCCA07E76A160070ABF2,
			);
		};
		6A401C9A07DE55310001C8C1 = {
			buildActionMask = 2147483647;
			files = (
				6AC696A907DE5676006D49F2,
			);
			isa = PBXResourcesBuildPhase;
			runOnlyForDeploymentPostprocessing = 0;
		};
		6A401C9B07DE55310001C8C1 = {
			buildActionMask = 2147483647;
			files = (
				6A401CA907DE55640001C8C1,
			);
			isa = PBXSourcesBuildPhase;
			runOnlyForDeploymentPostprocessing = 0;
		};
		6A401C9C07DE55310001C8C1 = {
			buildActionMask = 2147483647;
			files = (
			);
			isa = PBXFrameworksBuildPhase;
			runOnlyForDeploymentPostprocessing = 0;
		};
		6A401C9D07DE55310001C8C1 = {
			buildPhases = (
				6A401C9A07DE55310001C8C1,
				6A401C9B07DE55310001C8C1,
				6A401C9C07DE55310001C8C1,
				6A401CA107DE554B0001C8C1,
				6A401CA207DE55510001C8C1,
			);
			buildRules = (
			);
			buildSettings = {
				GCC_PRECOMPILE_PREFIX_HEADER = YES;
				GCC_PREFIX_HEADER = "$(SYSTEM_LIBRARY_DIR)/Frameworks/Carbon.framework/Headers/Carbon.h";
				INFOPLIST_FILE = "OVInit-Info.plist";
				INSTALL_PATH = "$(USER_LIBRARY_DIR)/Bundles";
				OTHER_CFLAGS = "";
				OTHER_LDFLAGS = "-framework Carbon";
				OTHER_REZFLAGS = "";
				PRODUCT_NAME = OVInit;
				SECTORDER_FLAGS = "";
				WARNING_CFLAGS = "-Wmost -Wno-four-char-constants -Wno-unknown-pragmas";
			};
			dependencies = (
			);
			isa = PBXNativeTarget;
			name = OVInit;
			productName = OVInit;
			productReference = 6A401C9E07DE55310001C8C1;
			productSettingsXML = "<?xml version=\"1.0\" encoding=\"UTF-8\"?>
<!DOCTYPE plist PUBLIC \"-//Apple Computer//DTD PLIST 1.0//EN\" \"http://www.apple.com/DTDs/PropertyList-1.0.dtd\">
<plist version=\"1.0\">
<dict>
	<key>CFBundleDevelopmentRegion</key>
	<string>English</string>
	<key>CFBundleExecutable</key>
	<string>OVInit</string>
	<key>CFBundleIdentifier</key>
	<string>com.yourcompany.OVInit</string>
	<key>CFBundleInfoDictionaryVersion</key>
	<string>6.0</string>
	<key>CFBundlePackageType</key>
	<string>APPL</string>
	<key>CFBundleSignature</key>
	<string>????</string>
	<key>CFBundleVersion</key>
	<string>1.0</string>
	<key>CSResourcesFileMapped</key>
	<string>yes</string>
</dict>
</plist>
";
			productType = "com.apple.product-type.bundle";
		};
		6A401C9E07DE55310001C8C1 = {
			explicitFileType = wrapper.cfbundle;
			includeInIndex = 0;
			isa = PBXFileReference;
			path = OVInit.bundle;
			refType = 3;
			sourceTree = BUILT_PRODUCTS_DIR;
		};
		6A401C9F07DE55310001C8C1 = {
			children = (
				6A401C9E07DE55310001C8C1,
				6A8E77E707DE59AA00172258,
				6A86CCCB07E76A160070ABF2,
			);
			isa = PBXGroup;
			name = Products;
			refType = 4;
			sourceTree = "<group>";
		};
		6A401CA007DE55310001C8C1 = {
			isa = PBXFileReference;
			lastKnownFileType = text.xml;
			name = "OVInit-Info.plist";
			path = "/Users/lukhnos/logiciels/carbonim/branches/dynamic/OVInit-Info.plist";
			refType = 0;
			sourceTree = "<absolute>";
		};
		6A401CA107DE554B0001C8C1 = {
			buildActionMask = 2147483647;
			files = (
				6A401CAA07DE55640001C8C1,
				6A401CAC07DE55640001C8C1,
				6AEE832707E0A6690009C91E,
			);
			isa = PBXHeadersBuildPhase;
			runOnlyForDeploymentPostprocessing = 0;
		};
		6A401CA207DE55510001C8C1 = {
			buildActionMask = 2147483647;
			files = (
				6A401CAB07DE55640001C8C1,
			);
			isa = PBXRezBuildPhase;
			runOnlyForDeploymentPostprocessing = 0;
		};
		6A401CA407DE55550001C8C1 = {
			children = (
				6AC696A807DE5676006D49F2,
				6A401CA507DE55640001C8C1,
				6A401CA607DE55640001C8C1,
				6A401CA707DE55640001C8C1,
			);
			isa = PBXGroup;
			name = OVInit;
			refType = 4;
			sourceTree = "<group>";
		};
		6A401CA507DE55640001C8C1 = {
			fileEncoding = 4;
			isa = PBXFileReference;
			lastKnownFileType = sourcecode.c.c;
			path = ATSComponent.c;
			refType = 2;
			sourceTree = SOURCE_ROOT;
		};
		6A401CA607DE55640001C8C1 = {
			fileEncoding = 4;
			isa = PBXFileReference;
			lastKnownFileType = sourcecode.c.h;
			path = ATSComponent.h;
			refType = 2;
			sourceTree = SOURCE_ROOT;
		};
		6A401CA707DE55640001C8C1 = {
			fileEncoding = 4;
			isa = PBXFileReference;
			lastKnownFileType = sourcecode.rez;
			path = ATSComponent.r;
			refType = 2;
			sourceTree = SOURCE_ROOT;
		};
		6A401CA807DE55640001C8C1 = {
			fileEncoding = 4;
			isa = PBXFileReference;
			lastKnownFileType = sourcecode.c.h;
			path = TSBundle.h;
			refType = 2;
			sourceTree = SOURCE_ROOT;
		};
		6A401CA907DE55640001C8C1 = {
			fileRef = 6A401CA507DE55640001C8C1;
			isa = PBXBuildFile;
			settings = {
			};
		};
		6A401CAA07DE55640001C8C1 = {
			fileRef = 6A401CA607DE55640001C8C1;
			isa = PBXBuildFile;
			settings = {
			};
		};
		6A401CAB07DE55640001C8C1 = {
			fileRef = 6A401CA707DE55640001C8C1;
			isa = PBXBuildFile;
			settings = {
			};
		};
		6A401CAC07DE55640001C8C1 = {
			fileRef = 6A401CA807DE55640001C8C1;
			isa = PBXBuildFile;
			settings = {
			};
		};
		6A86CCC807E76A160070ABF2 = {
			buildActionMask = 2147483647;
			files = (
				6A86CDAA07E77A3A0070ABF2,
				6A86CDA407E779D30070ABF2,
			);
			isa = PBXSourcesBuildPhase;
			runOnlyForDeploymentPostprocessing = 0;
		};
		6A86CCC907E76A160070ABF2 = {
			buildActionMask = 2147483647;
			files = (
			);
			isa = PBXFrameworksBuildPhase;
			runOnlyForDeploymentPostprocessing = 0;
		};
		6A86CCCA07E76A160070ABF2 = {
			buildPhases = (
				6A86CCC807E76A160070ABF2,
				6A86CCCD07E76A220070ABF2,
				6A86CCC907E76A160070ABF2,
			);
			buildRules = (
			);
			buildSettings = {
				GCC_PRECOMPILE_PREFIX_HEADER = YES;
				GCC_PREFIX_HEADER = "$(SYSTEM_LIBRARY_DIR)/Frameworks/AppKit.framework/Headers/AppKit.h";
				INSTALL_PATH = /usr/local/bin;
				OTHER_CFLAGS = "";
				OTHER_LDFLAGS = "-framework Foundation -framework AppKit";
				OTHER_REZFLAGS = "";
				PRODUCT_NAME = OVTest;
				SECTORDER_FLAGS = "";
				WARNING_CFLAGS = "-Wmost -Wno-four-char-constants -Wno-unknown-pragmas";
			};
			dependencies = (
			);
			isa = PBXNativeTarget;
			name = OVTest;
			productName = OVTest;
			productReference = 6A86CCCB07E76A160070ABF2;
			productType = "com.apple.product-type.tool";
		};
		6A86CCCB07E76A160070ABF2 = {
			explicitFileType = "compiled.mach-o.executable";
			includeInIndex = 0;
			isa = PBXFileReference;
			path = OVTest;
			refType = 3;
			sourceTree = BUILT_PRODUCTS_DIR;
		};
		6A86CCCD07E76A220070ABF2 = {
			buildActionMask = 2147483647;
			files = (
				6AD3485307E7EE9B001CC42D,
				6AD3486107E7F055001CC42D,
			);
			isa = PBXHeadersBuildPhase;
			runOnlyForDeploymentPostprocessing = 0;
		};
		6A86CCD007E76A290070ABF2 = {
			children = (
				6A86CDA307E779D30070ABF2,
			);
			isa = PBXGroup;
			name = OVTest;
			refType = 4;
			sourceTree = "<group>";
		};
		6A86CCF807E772960070ABF2 = {
			fileEncoding = 4;
			isa = PBXFileReference;
			lastKnownFileType = sourcecode.c.h;
			path = VXLoader.h;
			refType = 2;
			sourceTree = SOURCE_ROOT;
		};
		6A86CCF907E772960070ABF2 = {
			fileRef = 6A86CCF807E772960070ABF2;
			isa = PBXBuildFile;
			settings = {
			};
		};
		6A86CD0807E775A10070ABF2 = {
			fileEncoding = 4;
			isa = PBXFileReference;
			lastKnownFileType = sourcecode.cpp.objcpp;
			path = VXLoaderService.mm;
			refType = 4;
			sourceTree = "<group>";
		};
		6A86CD0907E775A10070ABF2 = {
			fileRef = 6A86CD0807E775A10070ABF2;
			isa = PBXBuildFile;
			settings = {
			};
		};
		6A86CDA307E779D30070ABF2 = {
			fileEncoding = 4;
			isa = PBXFileReference;
			lastKnownFileType = sourcecode.cpp.objcpp;
			path = VXTest.mm;
			refType = 4;
			sourceTree = "<group>";
		};
		6A86CDA407E779D30070ABF2 = {
			fileRef = 6A86CDA307E779D30070ABF2;
			isa = PBXBuildFile;
			settings = {
			};
		};
		6A86CDAA07E77A3A0070ABF2 = {
			fileRef = 6A86CD0807E775A10070ABF2;
			isa = PBXBuildFile;
			settings = {
			};
		};
		6A89D5C707DE660600CDA735 = {
			children = (
				6AD3486007E7F055001CC42D,
				6AD3485207E7EE9B001CC42D,
				6A86CD0807E775A10070ABF2,
				6A86CCF807E772960070ABF2,
				6AEE838E07E0AEBA0009C91E,
				6A23CBCB07DEEFBA005EE6B1,
				6AEE832607E0A6690009C91E,
				6A23CB4107DEE9FF005EE6B1,
				6A23CB4207DEE9FF005EE6B1,
				6A89D5C807DE661A00CDA735,
				6A401CA807DE55640001C8C1,
			);
			isa = PBXGroup;
			name = OVLoader;
			refType = 4;
			sourceTree = "<group>";
		};
		6A89D5C807DE661A00CDA735 = {
			fileEncoding = 4;
			isa = PBXFileReference;
			lastKnownFileType = sourcecode.cpp.objcpp;
			path = TSBundle.mm;
			refType = 2;
			sourceTree = SOURCE_ROOT;
		};
		6A89D5C907DE661A00CDA735 = {
			fileRef = 6A89D5C807DE661A00CDA735;
			isa = PBXBuildFile;
			settings = {
			};
		};
		6A89D5CA07DE662300CDA735 = {
			fileRef = 6A401CA807DE55640001C8C1;
			isa = PBXBuildFile;
			settings = {
			};
		};
		6A8E77E307DE59AA00172258 = {
			buildActionMask = 2147483647;
			files = (
			);
			isa = PBXResourcesBuildPhase;
			runOnlyForDeploymentPostprocessing = 0;
		};
		6A8E77E407DE59AA00172258 = {
			buildActionMask = 2147483647;
			files = (
				6A23CB7107DEEBD6005EE6B1,
				6A89D5C907DE661A00CDA735,
				6AEE838F07E0AEBA0009C91E,
				6A86CD0907E775A10070ABF2,
			);
			isa = PBXSourcesBuildPhase;
			runOnlyForDeploymentPostprocessing = 0;
		};
		6A8E77E507DE59AA00172258 = {
			buildActionMask = 2147483647;
			files = (
				6A23CBCC07DEEFBA005EE6B1,
			);
			isa = PBXFrameworksBuildPhase;
			runOnlyForDeploymentPostprocessing = 0;
		};
		6A8E77E607DE59AA00172258 = {
			buildPhases = (
				6A8E77E307DE59AA00172258,
				6A8E77E407DE59AA00172258,
				6A8E77E507DE59AA00172258,
				6A8E77ED07DE59EE00172258,
			);
			buildRules = (
			);
			buildSettings = {
				GCC_PRECOMPILE_PREFIX_HEADER = YES;
				GCC_PREFIX_HEADER = "$(SYSTEM_LIBRARY_DIR)/Frameworks/AppKit.framework/Headers/AppKit.h";
				INFOPLIST_FILE = "OVLoader-Info.plist";
				INSTALL_PATH = "$(USER_LIBRARY_DIR)/Bundles";
				OTHER_CFLAGS = "";
				OTHER_LDFLAGS = "-framework Foundation -framework AppKit";
				OTHER_REZFLAGS = "";
				PRODUCT_NAME = OVLoader;
				SECTORDER_FLAGS = "";
				WARNING_CFLAGS = "-Wmost -Wno-four-char-constants -Wno-unknown-pragmas";
			};
			dependencies = (
				6AEE836C07E0ACDF0009C91E,
			);
			isa = PBXNativeTarget;
			name = OVLoader;
			productName = OVLoader;
			productReference = 6A8E77E707DE59AA00172258;
			productSettingsXML = "<?xml version=\"1.0\" encoding=\"UTF-8\"?>
<!DOCTYPE plist PUBLIC \"-//Apple Computer//DTD PLIST 1.0//EN\" \"http://www.apple.com/DTDs/PropertyList-1.0.dtd\">
<plist version=\"1.0\">
<dict>
	<key>CFBundleDevelopmentRegion</key>
	<string>English</string>
	<key>CFBundleExecutable</key>
	<string>OVLoader</string>
	<key>CFBundleIdentifier</key>
	<string>com.yourcompany.OVLoader</string>
	<key>CFBundleInfoDictionaryVersion</key>
	<string>6.0</string>
	<key>CFBundlePackageType</key>
	<string>APPL</string>
	<key>CFBundleSignature</key>
	<string>????</string>
	<key>CFBundleVersion</key>
	<string>1.0</string>
</dict>
</plist>
";
			productType = "com.apple.product-type.bundle";
		};
		6A8E77E707DE59AA00172258 = {
			explicitFileType = wrapper.cfbundle;
			includeInIndex = 0;
			isa = PBXFileReference;
			path = OVLoader.bundle;
			refType = 3;
			sourceTree = BUILT_PRODUCTS_DIR;
		};
		6A8E77E807DE59AA00172258 = {
			isa = PBXFileReference;
			lastKnownFileType = text.xml;
			name = "OVLoader-Info.plist";
			path = "/Users/lukhnos/logiciels/carbonim/branches/dynamic/OVLoader-Info.plist";
			refType = 0;
			sourceTree = "<absolute>";
		};
		6A8E77ED07DE59EE00172258 = {
			buildActionMask = 2147483647;
			files = (
				6AD3485507E7EF48001CC42D,
				6A89D5CA07DE662300CDA735,
				6A23CB4407DEE9FF005EE6B1,
				6A86CCF907E772960070ABF2,
				6AD3486207E7F055001CC42D,
			);
			isa = PBXHeadersBuildPhase;
			runOnlyForDeploymentPostprocessing = 0;
		};
		6AC6969D07DE565B006D49F2 = {
			fileEncoding = 4;
			isa = PBXFileReference;
			lastKnownFileType = text.plist.strings;
			name = English;
			path = English.lproj/InfoPlist.strings;
			refType = 4;
			sourceTree = "<group>";
		};
		6AC696A807DE5676006D49F2 = {
			children = (
				6AC6969D07DE565B006D49F2,
			);
			isa = PBXVariantGroup;
			name = InfoPlist.strings;
			refType = 4;
			sourceTree = "<group>";
		};
		6AC696A907DE5676006D49F2 = {
			fileRef = 6AC696A807DE5676006D49F2;
			isa = PBXBuildFile;
			settings = {
			};
		};
		6AD3485207E7EE9B001CC42D = {
			fileEncoding = 4;
			isa = PBXFileReference;
			lastKnownFileType = sourcecode.c.h;
			path = VXOpenVanilla.h;
			refType = 4;
			sourceTree = "<group>";
		};
		6AD3485307E7EE9B001CC42D = {
			fileRef = 6AD3485207E7EE9B001CC42D;
			isa = PBXBuildFile;
			settings = {
			};
		};
		6AD3485507E7EF48001CC42D = {
			fileRef = 6AD3485207E7EE9B001CC42D;
			isa = PBXBuildFile;
			settings = {
			};
		};
		6AD3486007E7F055001CC42D = {
			fileEncoding = 4;
			isa = PBXFileReference;
			lastKnownFileType = sourcecode.c.h;
			path = VXUtility.h;
			refType = 4;
			sourceTree = "<group>";
		};
		6AD3486107E7F055001CC42D = {
			fileRef = 6AD3486007E7F055001CC42D;
			isa = PBXBuildFile;
			settings = {
			};
		};
		6AD3486207E7F055001CC42D = {
			fileRef = 6AD3486007E7F055001CC42D;
			isa = PBXBuildFile;
			settings = {
			};
		};
		6AEE832607E0A6690009C91E = {
			fileEncoding = 4;
			isa = PBXFileReference;
			lastKnownFileType = sourcecode.c.h;
			path = IMInterface.h;
			refType = 4;
			sourceTree = "<group>";
		};
		6AEE832707E0A6690009C91E = {
			fileRef = 6AEE832607E0A6690009C91E;
			isa = PBXBuildFile;
			settings = {
			};
		};
		6AEE836B07E0ACDF0009C91E = {
			containerPortal = 6A401C9607DE55250001C8C1;
			isa = PBXContainerItemProxy;
			proxyType = 1;
			remoteGlobalIDString = 6A401C9D07DE55310001C8C1;
			remoteInfo = OVInit;
		};
		6AEE836C07E0ACDF0009C91E = {
			isa = PBXTargetDependency;
			target = 6A401C9D07DE55310001C8C1;
			targetProxy = 6AEE836B07E0ACDF0009C91E;
		};
		6AEE838E07E0AEBA0009C91E = {
			fileEncoding = 4;
			isa = PBXFileReference;
			lastKnownFileType = sourcecode.cpp.objcpp;
			path = VXLoader.mm;
			refType = 4;
			sourceTree = "<group>";
		};
		6AEE838F07E0AEBA0009C91E = {
			fileRef = 6AEE838E07E0AEBA0009C91E;
			isa = PBXBuildFile;
			settings = {
			};
		};
	};
	rootObject = 6A401C9607DE55250001C8C1;
}
